
Microsoft Visual Studio Solution File, Format Version 12.00
# Visual Studio Version 17
VisualStudioVersion = 17.7.34031.279
MinimumVisualStudioVersion = 10.0.40219.1
Project("{FAE04EC0-301F-11D3-BF4B-00C04F79EFBC}") = "Doan", "Đồ án mới\Doan.csproj", "{300D1DFA-30B2-404E-BCC1-1227F5212356}"
EndProject
Global
	GlobalSection(SolutionConfigurationPlatforms) = preSolution
		Debug|Any CPU = Debug|Any CPU
		Release|Any CPU = Release|Any CPU
	EndGlobalSection
	GlobalSection(ProjectConfigurationPlatforms) = postSolution
		{300D1DFA-30B2-404E-BCC1-1227F5212356}.Debug|Any CPU.ActiveCfg = Debug|Any CPU
		{300D1DFA-30B2-404E-BCC1-1227F5212356}.Debug|Any CPU.Build.0 = Debug|Any CPU
		{300D1DFA-30B2-404E-BCC1-1227F5212356}.Release|Any CPU.ActiveCfg = Release|Any CPU
		{300D1DFA-30B2-404E-BCC1-1227F5212356}.Release|Any CPU.Build.0 = Release|Any CPU
	EndGlobalSection
	GlobalSection(SolutionProperties) = preSolution
		HideSolutionNode = FALSE
	EndGlobalSection
	GlobalSection(ExtensibilityGlobals) = postSolution
		SolutionGuid = {EBEA4453-FFA5-41B1-B7BA-AFB2A3EF0010}
	EndGlobalSection
EndGlobal
